<?xml version="1.0" encoding="utf-8"?>
<Project ToolsVersion="4.0" xmlns="http://schemas.microsoft.com/developer/msbuild/2003">
  <ItemGroup>
    <Filter Include="Fichiers sources">
      <UniqueIdentifier>{4FC737F1-C7A5-4376-A066-2A32D752A2FF}</UniqueIdentifier>
      <Extensions>cpp;c;cc;cxx;def;odl;idl;hpj;bat;asm;asmx</Extensions>
    </Filter>
    <Filter Include="Fichiers d%27en-tête">
      <UniqueIdentifier>{93995380-89BD-4b04-88EB-625FBE52EBFB}</UniqueIdentifier>
      <Extensions>h;hh;hpp;hxx;hm;inl;inc;xsd</Extensions>
    </Filter>
    <Filter Include="Fichiers de ressources">
      <UniqueIdentifier>{67DA6AB6-F800-4c08-8B7A-83BB121AAD01}</UniqueIdentifier>
      <Extensions>rc;ico;cur;bmp;dlg;rc2;rct;bin;rgs;gif;jpg;jpeg;jpe;resx;tiff;tif;png;wav;mfcribbon-ms</Extensions>
    </Filter>
    <Filter Include="Fichiers d%27en-tête\_Misc">
      <UniqueIdentifier>{d0e59365-e8c5-459e-b9c4-f999d4fe0401}</UniqueIdentifier>
    </Filter>
    <Filter Include="Fichiers sources\_Misc">
      <UniqueIdentifier>{882877b5-1e98-4da5-b55f-9453ae0bc150}</UniqueIdentifier>
    </Filter>
    <Filter Include="Fichiers sources\_ExpressionClasses">
      <UniqueIdentifier>{9405c07f-7f7d-4157-8880-9eb414cec023}</UniqueIdentifier>
    </Filter>
    <Filter Include="Fichiers d%27en-tête\_ExpressionClasses">
      <UniqueIdentifier>{0e8e46a2-527e-4302-ae50-cddb9f9327d2}</UniqueIdentifier>
    </Filter>
    <Filter Include="Fichiers d%27en-tête\Parser">
      <UniqueIdentifier>{850311a1-e9e0-43d6-994a-f3184a39df15}</UniqueIdentifier>
    </Filter>
    <Filter Include="Fichiers sources\Parser">
      <UniqueIdentifier>{07dad487-71ae-4e74-8ed5-4df32e33e19a}</UniqueIdentifier>
    </Filter>
  </ItemGroup>
  <ItemGroup>
    <ClInclude Include="Addition.h">
      <Filter>Fichiers d%27en-tête\_ExpressionClasses</Filter>
    </ClInclude>
    <ClInclude Include="FormulaParser.h">
      <Filter>Fichiers d%27en-tête\Parser</Filter>
    </ClInclude>
    <ClInclude Include="Expression.h">
      <Filter>Fichiers d%27en-tête\_ExpressionClasses</Filter>
    </ClInclude>
    <ClInclude Include="stdafx.h">
      <Filter>Fichiers d%27en-tête\_Misc</Filter>
    </ClInclude>
    <ClInclude Include="targetver.h">
      <Filter>Fichiers d%27en-tête\_Misc</Filter>
    </ClInclude>
    <ClInclude Include="Multiplication.h">
      <Filter>Fichiers d%27en-tête\_ExpressionClasses</Filter>
    </ClInclude>
    <ClInclude Include="Substraction.h">
      <Filter>Fichiers d%27en-tête\_ExpressionClasses</Filter>
    </ClInclude>
  </ItemGroup>
  <ItemGroup>
    <ClCompile Include="MathParser2.cpp">
      <Filter>Fichiers sources</Filter>
    </ClCompile>
    <ClCompile Include="Addition.cpp">
      <Filter>Fichiers sources\_ExpressionClasses</Filter>
    </ClCompile>
    <ClCompile Include="Expression.cpp">
      <Filter>Fichiers sources\_ExpressionClasses</Filter>
    </ClCompile>
    <ClCompile Include="stdafx.cpp">
      <Filter>Fichiers sources\_Misc</Filter>
    </ClCompile>
    <ClCompile Include="FormulaParser.cpp">
      <Filter>Fichiers sources\Parser</Filter>
    </ClCompile>
    <ClCompile Include="Multiplication.cpp">
      <Filter>Fichiers sources\_ExpressionClasses</Filter>
    </ClCompile>
    <ClCompile Include="Substraction.cpp">
      <Filter>Fichiers sources\_ExpressionClasses</Filter>
    </ClCompile>
  </ItemGroup>
</Project>